// !$*UTF8*$!
{
	archiveVersion = 1;
	classes = {
	};
	objectVersion = 46;
	objects = {

/* Begin PBXBuildFile section */
		DE1603301CD1E5B90074C0C1 /* Mod_perfect.hpp in Headers */ = {isa = PBXBuildFile; fileRef = DE16032F1CD1E5B90074C0C1 /* Mod_perfect.hpp */; };
		DE1603321CD1E5B90074C0C1 /* Mod_perfectPriv.hpp in Headers */ = {isa = PBXBuildFile; fileRef = DE1603311CD1E5B90074C0C1 /* Mod_perfectPriv.hpp */; };
		DE1603341CD1E5B90074C0C1 /* Mod_perfect.cpp in Sources */ = {isa = PBXBuildFile; fileRef = DE1603331CD1E5B90074C0C1 /* Mod_perfect.cpp */; };
		DE4C7AA81CD30B9F001B4059 /* fastcgi.h in Headers */ = {isa = PBXBuildFile; fileRef = DE4C7AA51CD30B9F001B4059 /* fastcgi.h */; };
/* End PBXBuildFile section */

/* Begin PBXFileReference section */
		DE16032C1CD1E5B90074C0C1 /* libMod_perfect.dylib */ = {isa = PBXFileReference; explicitFileType = "compiled.mach-o.dylib"; includeInIndex = 0; path = libMod_perfect.dylib; sourceTree = BUILT_PRODUCTS_DIR; };
		DE16032F1CD1E5B90074C0C1 /* Mod_perfect.hpp */ = {isa = PBXFileReference; lastKnownFileType = sourcecode.cpp.h; path = Mod_perfect.hpp; sourceTree = "<group>"; };
		DE1603311CD1E5B90074C0C1 /* Mod_perfectPriv.hpp */ = {isa = PBXFileReference; lastKnownFileType = sourcecode.cpp.h; path = Mod_perfectPriv.hpp; sourceTree = "<group>"; };
		DE1603331CD1E5B90074C0C1 /* Mod_perfect.cpp */ = {isa = PBXFileReference; lastKnownFileType = sourcecode.cpp.cpp; path = Mod_perfect.cpp; sourceTree = "<group>"; };
		DE4C7AA51CD30B9F001B4059 /* fastcgi.h */ = {isa = PBXFileReference; fileEncoding = 4; lastKnownFileType = sourcecode.c.h; path = fastcgi.h; sourceTree = "<group>"; };
/* End PBXFileReference section */

/* Begin PBXFrameworksBuildPhase section */
		DE1603291CD1E5B90074C0C1 /* Frameworks */ = {
			isa = PBXFrameworksBuildPhase;
			buildActionMask = 2147483647;
			files = (
			);
			runOnlyForDeploymentPostprocessing = 0;
		};
/* End PBXFrameworksBuildPhase section */

/* Begin PBXGroup section */
		DE1603231CD1E5B80074C0C1 = {
			isa = PBXGroup;
			children = (
				DE16032E1CD1E5B90074C0C1 /* Mod_perfect */,
				DE16032D1CD1E5B90074C0C1 /* Products */,
			);
			sourceTree = "<group>";
		};
		DE16032D1CD1E5B90074C0C1 /* Products */ = {
			isa = PBXGroup;
			children = (
				DE16032C1CD1E5B90074C0C1 /* libMod_perfect.dylib */,
			);
			name = Products;
			sourceTree = "<group>";
		};
		DE16032E1CD1E5B90074C0C1 /* Mod_perfect */ = {
			isa = PBXGroup;
			children = (
				DE16033A1CD1E5DC0074C0C1 /* Source */,
			);
			path = Mod_perfect;
			sourceTree = "<group>";
		};
		DE16033A1CD1E5DC0074C0C1 /* Source */ = {
			isa = PBXGroup;
			children = (
				DE4C7AA51CD30B9F001B4059 /* fastcgi.h */,
				DE16032F1CD1E5B90074C0C1 /* Mod_perfect.hpp */,
				DE1603311CD1E5B90074C0C1 /* Mod_perfectPriv.hpp */,
				DE1603331CD1E5B90074C0C1 /* Mod_perfect.cpp */,
			);
			name = Source;
			sourceTree = "<group>";
		};
/* End PBXGroup section */

/* Begin PBXHeadersBuildPhase section */
		DE16032A1CD1E5B90074C0C1 /* Headers */ = {
			isa = PBXHeadersBuildPhase;
			buildActionMask = 2147483647;
			files = (
				DE4C7AA81CD30B9F001B4059 /* fastcgi.h in Headers */,
				DE1603321CD1E5B90074C0C1 /* Mod_perfectPriv.hpp in Headers */,
				DE1603301CD1E5B90074C0C1 /* Mod_perfect.hpp in Headers */,
			);
			runOnlyForDeploymentPostprocessing = 0;
		};
/* End PBXHeadersBuildPhase section */

/* Begin PBXNativeTarget section */
		DE16032B1CD1E5B90074C0C1 /* Mod_perfect */ = {
			isa = PBXNativeTarget;
			buildConfigurationList = DE1603371CD1E5B90074C0C1 /* Build configuration list for PBXNativeTarget "Mod_perfect" */;
			buildPhases = (
				DE1603281CD1E5B90074C0C1 /* Sources */,
				DE1603291CD1E5B90074C0C1 /* Frameworks */,
				DE16032A1CD1E5B90074C0C1 /* Headers */,
			);
			buildRules = (
			);
			dependencies = (
			);
			name = Mod_perfect;
			productName = Mod_perfect;
			productReference = DE16032C1CD1E5B90074C0C1 /* libMod_perfect.dylib */;
			productType = "com.apple.product-type.library.dynamic";
		};
/* End PBXNativeTarget section */

/* Begin PBXProject section */
		DE1603241CD1E5B80074C0C1 /* Project object */ = {
			isa = PBXProject;
			attributes = {
				LastUpgradeCheck = 0730;
				ORGANIZATIONNAME = Riven;
				TargetAttributes = {
					DE16032B1CD1E5B90074C0C1 = {
						CreatedOnToolsVersion = 7.3;
					};
				};
			};
			buildConfigurationList = DE1603271CD1E5B80074C0C1 /* Build configuration list for PBXProject "Mod_perfect" */;
			compatibilityVersion = "Xcode 3.2";
			developmentRegion = English;
			hasScannedForEncodings = 0;
			knownRegions = (
				en,
			);
			mainGroup = DE1603231CD1E5B80074C0C1;
			productRefGroup = DE16032D1CD1E5B90074C0C1 /* Products */;
			projectDirPath = "";
			projectRoot = "";
			targets = (
				DE16032B1CD1E5B90074C0C1 /* Mod_perfect */,
			);
		};
/* End PBXProject section */

/* Begin PBXSourcesBuildPhase section */
		DE1603281CD1E5B90074C0C1 /* Sources */ = {
			isa = PBXSourcesBuildPhase;
			buildActionMask = 2147483647;
			files = (
				DE1603341CD1E5B90074C0C1 /* Mod_perfect.cpp in Sources */,
			);
			runOnlyForDeploymentPostprocessing = 0;
		};
/* End PBXSourcesBuildPhase section */

/* Begin XCBuildConfiguration section */
		DE1603351CD1E5B90074C0C1 /* Debug */ = {
			isa = XCBuildConfiguration;
			buildSettings = {
				ALWAYS_SEARCH_USER_PATHS = NO;
				CLANG_ANALYZER_NONNULL = YES;
				CLANG_CXX_LANGUAGE_STANDARD = "gnu++0x";
				CLANG_CXX_LIBRARY = "libc++";
				CLANG_ENABLE_MODULES = YES;
				CLANG_ENABLE_OBJC_ARC = YES;
				CLANG_WARN_BOOL_CONVERSION = YES;
				CLANG_WARN_CONSTANT_CONVERSION = YES;
				CLANG_WARN_DIRECT_OBJC_ISA_USAGE = YES_ERROR;
				CLANG_WARN_EMPTY_BODY = YES;
				CLANG_WARN_ENUM_CONVERSION = YES;
				CLANG_WARN_INT_CONVERSION = YES;
				CLANG_WARN_OBJC_ROOT_CLASS = YES_ERROR;
				CLANG_WARN_UNREACHABLE_CODE = YES;
				CLANG_WARN__DUPLICATE_METHOD_MATCH = YES;
				CODE_SIGN_IDENTITY = "-";
				COPY_PHASE_STRIP = NO;
				DEBUG_INFORMATION_FORMAT = dwarf;
				ENABLE_STRICT_OBJC_MSGSEND = YES;
				ENABLE_TESTABILITY = YES;
				GCC_C_LANGUAGE_STANDARD = gnu99;
				GCC_DYNAMIC_NO_PIC = NO;
				GCC_NO_COMMON_BLOCKS = YES;
				GCC_OPTIMIZATION_LEVEL = 0;
				GCC_PREPROCESSOR_DEFINITIONS = (
					"DEBUG=1",
					"$(inherited)",
				);
				GCC_WARN_64_TO_32_BIT_CONVERSION = YES;
				GCC_WARN_ABOUT_RETURN_TYPE = YES_ERROR;
				GCC_WARN_UNDECLARED_SELECTOR = YES;
				GCC_WARN_UNINITIALIZED_AUTOS = YES_AGGRESSIVE;
				GCC_WARN_UNUSED_FUNCTION = YES;
				GCC_WARN_UNUSED_VARIABLE = YES;
				MACOSX_DEPLOYMENT_TARGET = 10.11;
				MTL_ENABLE_DEBUG_INFO = YES;
				ONLY_ACTIVE_ARCH = YES;
				SDKROOT = macosx;
			};
			name = Debug;
		};
		DE1603361CD1E5B90074C0C1 /* Release */ = {
			isa = XCBuildConfiguration;
			buildSettings = {
				ALWAYS_SEARCH_USER_PATHS = NO;
				CLANG_ANALYZER_NONNULL = YES;
				CLANG_CXX_LANGUAGE_STANDARD = "gnu++0x";
				CLANG_CXX_LIBRARY = "libc++";
				CLANG_ENABLE_MODULES = YES;
				CLANG_ENABLE_OBJC_ARC = YES;
				CLANG_WARN_BOOL_CONVERSION = YES;
				CLANG_WARN_CONSTANT_CONVERSION = YES;
				CLANG_WARN_DIRECT_OBJC_ISA_USAGE = YES_ERROR;
				CLANG_WARN_EMPTY_BODY = YES;
				CLANG_WARN_ENUM_CONVERSION = YES;
				CLANG_WARN_INT_CONVERSION = YES;
				CLANG_WARN_OBJC_ROOT_CLASS = YES_ERROR;
				CLANG_WARN_UNREACHABLE_CODE = YES;
				CLANG_WARN__DUPLICATE_METHOD_MATCH = YES;
				CODE_SIGN_IDENTITY = "-";
				COPY_PHASE_STRIP = NO;
				DEBUG_INFORMATION_FORMAT = "dwarf-with-dsym";
				ENABLE_NS_ASSERTIONS = NO;
				ENABLE_STRICT_OBJC_MSGSEND = YES;
				GCC_C_LANGUAGE_STANDARD = gnu99;
				GCC_NO_COMMON_BLOCKS = YES;
				GCC_WARN_64_TO_32_BIT_CONVERSION = YES;
				GCC_WARN_ABOUT_RETURN_TYPE = YES_ERROR;
				GCC_WARN_UNDECLARED_SELECTOR = YES;
				GCC_WARN_UNINITIALIZED_AUTOS = YES_AGGRESSIVE;
				GCC_WARN_UNUSED_FUNCTION = YES;
				GCC_WARN_UNUSED_VARIABLE = YES;
				MACOSX_DEPLOYMENT_TARGET = 10.11;
				MTL_ENABLE_DEBUG_INFO = NO;
				SDKROOT = macosx;
			};
			name = Release;
		};
		DE1603381CD1E5B90074C0C1 /* Debug */ = {
			isa = XCBuildConfiguration;
			buildSettings = {
				DYLIB_COMPATIBILITY_VERSION = 1;
				DYLIB_CURRENT_VERSION = 1;
				EXECUTABLE_PREFIX = lib;
				GCC_ENABLE_CPP_EXCEPTIONS = YES;
				GCC_ENABLE_CPP_RTTI = YES;
				GCC_SYMBOLS_PRIVATE_EXTERN = YES;
				HEADER_SEARCH_PATHS = (
					/usr/include/apache2,
					"/usr/include/apr-1",
				);
				OTHER_LDFLAGS = (
					"-undefined",
					dynamic_lookup,
				);
				PRODUCT_NAME = "$(TARGET_NAME)";
			};
			name = Debug;
		};
		DE1603391CD1E5B90074C0C1 /* Release */ = {
			isa = XCBuildConfiguration;
			buildSettings = {
				DYLIB_COMPATIBILITY_VERSION = 1;
				DYLIB_CURRENT_VERSION = 1;
				EXECUTABLE_PREFIX = lib;
				GCC_ENABLE_CPP_EXCEPTIONS = YES;
				GCC_ENABLE_CPP_RTTI = YES;
				GCC_SYMBOLS_PRIVATE_EXTERN = YES;
				HEADER_SEARCH_PATHS = (
					/usr/include/apache2,
					"/usr/include/apr-1",
				);
				OTHER_LDFLAGS = (
					"-undefined",
					dynamic_lookup,
				);
				PRODUCT_NAME = "$(TARGET_NAME)";
			};
			name = Release;
		};
/* End XCBuildConfiguration section */

/* Begin XCConfigurationList section */
		DE1603271CD1E5B80074C0C1 /* Build configuration list for PBXProject "Mod_perfect" */ = {
			isa = XCConfigurationList;
			buildConfigurations = (
				DE1603351CD1E5B90074C0C1 /* Debug */,
				DE1603361CD1E5B90074C0C1 /* Release */,
			);
			defaultConfigurationIsVisible = 0;
			defaultConfigurationName = Release;
		};
		DE1603371CD1E5B90074C0C1 /* Build configuration list for PBXNativeTarget "Mod_perfect" */ = {
			isa = XCConfigurationList;
			buildConfigurations = (
				DE1603381CD1E5B90074C0C1 /* Debug */,
				DE1603391CD1E5B90074C0C1 /* Release */,
			);
			defaultConfigurationIsVisible = 0;
			defaultConfigurationName = Release;
		};
/* End XCConfigurationList section */
	};
	rootObject = DE1603241CD1E5B80074C0C1 /* Project object */;
}
